
Microsoft Visual Studio Solution File, Format Version 12.00
# Visual Studio Version 16
VisualStudioVersion = 16.0.31624.102
MinimumVisualStudioVersion = 10.0.40219.1
Project("{9A19103F-16F7-4668-BE54-9A1E7A4F7556}") = "Entities", "Entities\Entities.csproj", "{F58EB929-68CC-4BF4-99CA-058439B2593E}"
EndProject
Project("{9A19103F-16F7-4668-BE54-9A1E7A4F7556}") = "DataAccess", "DataAccess\DataAccess.csproj", "{76C7E77A-5C1D-4F26-97C3-5CE0E3C81E89}"
EndProject
Project("{9A19103F-16F7-4668-BE54-9A1E7A4F7556}") = "Business", "Business\Business.csproj", "{21CB0604-8B1A-4D6B-B73A-7BCF804A0B99}"
EndProject
Project("{9A19103F-16F7-4668-BE54-9A1E7A4F7556}") = "ConsoleUI", "ConsoleUI\ConsoleUI.csproj", "{679D9848-5390-468E-B8AC-4A23D2C1B513}"
EndProject
Project("{FAE04EC0-301F-11D3-BF4B-00C04F79EFBC}") = "Core", "Core\Core.csproj", "{0B488C64-D80F-4ED6-A1BE-AC8078EBB4AC}"
EndProject
Global
	GlobalSection(SolutionConfigurationPlatforms) = preSolution
		Debug|Any CPU = Debug|Any CPU
		Release|Any CPU = Release|Any CPU
	EndGlobalSection
	GlobalSection(ProjectConfigurationPlatforms) = postSolution
		{F58EB929-68CC-4BF4-99CA-058439B2593E}.Debug|Any CPU.ActiveCfg = Debug|Any CPU
		{F58EB929-68CC-4BF4-99CA-058439B2593E}.Debug|Any CPU.Build.0 = Debug|Any CPU
		{F58EB929-68CC-4BF4-99CA-058439B2593E}.Release|Any CPU.ActiveCfg = Release|Any CPU
		{F58EB929-68CC-4BF4-99CA-058439B2593E}.Release|Any CPU.Build.0 = Release|Any CPU
		{76C7E77A-5C1D-4F26-97C3-5CE0E3C81E89}.Debug|Any CPU.ActiveCfg = Debug|Any CPU
		{76C7E77A-5C1D-4F26-97C3-5CE0E3C81E89}.Debug|Any CPU.Build.0 = Debug|Any CPU
		{76C7E77A-5C1D-4F26-97C3-5CE0E3C81E89}.Release|Any CPU.ActiveCfg = Release|Any CPU
		{76C7E77A-5C1D-4F26-97C3-5CE0E3C81E89}.Release|Any CPU.Build.0 = Release|Any CPU
		{21CB0604-8B1A-4D6B-B73A-7BCF804A0B99}.Debug|Any CPU.ActiveCfg = Debug|Any CPU
		{21CB0604-8B1A-4D6B-B73A-7BCF804A0B99}.Debug|Any CPU.Build.0 = Debug|Any CPU
		{21CB0604-8B1A-4D6B-B73A-7BCF804A0B99}.Release|Any CPU.ActiveCfg = Release|Any CPU
		{21CB0604-8B1A-4D6B-B73A-7BCF804A0B99}.Release|Any CPU.Build.0 = Release|Any CPU
		{679D9848-5390-468E-B8AC-4A23D2C1B513}.Debug|Any CPU.ActiveCfg = Debug|Any CPU
		{679D9848-5390-468E-B8AC-4A23D2C1B513}.Debug|Any CPU.Build.0 = Debug|Any CPU
		{679D9848-5390-468E-B8AC-4A23D2C1B513}.Release|Any CPU.ActiveCfg = Release|Any CPU
		{679D9848-5390-468E-B8AC-4A23D2C1B513}.Release|Any CPU.Build.0 = Release|Any CPU
		{0B488C64-D80F-4ED6-A1BE-AC8078EBB4AC}.Debug|Any CPU.ActiveCfg = Debug|Any CPU
		{0B488C64-D80F-4ED6-A1BE-AC8078EBB4AC}.Debug|Any CPU.Build.0 = Debug|Any CPU
		{0B488C64-D80F-4ED6-A1BE-AC8078EBB4AC}.Release|Any CPU.ActiveCfg = Release|Any CPU
		{0B488C64-D80F-4ED6-A1BE-AC8078EBB4AC}.Release|Any CPU.Build.0 = Release|Any CPU
	EndGlobalSection
	GlobalSection(SolutionProperties) = preSolution
		HideSolutionNode = FALSE
	EndGlobalSection
	GlobalSection(ExtensibilityGlobals) = postSolution
		SolutionGuid = {91B332C6-DB21-49A0-84ED-A8410477DC9B}
	EndGlobalSection
EndGlobal
